// !$*UTF8*$!
{
	archiveVersion = 1;
	classes = {
	};
	objectVersion = 56;
	objects = {

/* Begin PBXBuildFile section */
		8902D35228AAA70D00320FC8 /* LoginView.swift in Sources */ = {isa = PBXBuildFile; fileRef = 8902D35128AAA70D00320FC8 /* LoginView.swift */; };
		892ADA3328AB8FAD008B2468 /* ImagePicker.swift in Sources */ = {isa = PBXBuildFile; fileRef = 892ADA3228AB8FAD008B2468 /* ImagePicker.swift */; };
		892ADA3628AE5BCF008B2468 /* FirebaseAuth in Frameworks */ = {isa = PBXBuildFile; productRef = 892ADA3528AE5BCF008B2468 /* FirebaseAuth */; };
		892ADA3828AE5BCF008B2468 /* FirebaseDatabase in Frameworks */ = {isa = PBXBuildFile; productRef = 892ADA3728AE5BCF008B2468 /* FirebaseDatabase */; };
		892ADA3A28AE5BCF008B2468 /* FirebaseFirestore in Frameworks */ = {isa = PBXBuildFile; productRef = 892ADA3928AE5BCF008B2468 /* FirebaseFirestore */; };
		892ADA3C28AE5BCF008B2468 /* FirebaseFirestoreSwift in Frameworks */ = {isa = PBXBuildFile; productRef = 892ADA3B28AE5BCF008B2468 /* FirebaseFirestoreSwift */; };
		892ADA3E28AE5BCF008B2468 /* FirebaseStorage in Frameworks */ = {isa = PBXBuildFile; productRef = 892ADA3D28AE5BCF008B2468 /* FirebaseStorage */; };
		8946E78728AAA0A500781735 /* SwiftUI_Firebase_ChatApp.swift in Sources */ = {isa = PBXBuildFile; fileRef = 8946E78628AAA0A500781735 /* SwiftUI_Firebase_ChatApp.swift */; };
		8946E78928AAA0A500781735 /* ContentView.swift in Sources */ = {isa = PBXBuildFile; fileRef = 8946E78828AAA0A500781735 /* ContentView.swift */; };
		8946E78B28AAA0A700781735 /* Assets.xcassets in Resources */ = {isa = PBXBuildFile; fileRef = 8946E78A28AAA0A700781735 /* Assets.xcassets */; };
		8946E78E28AAA0A700781735 /* Preview Assets.xcassets in Resources */ = {isa = PBXBuildFile; fileRef = 8946E78D28AAA0A700781735 /* Preview Assets.xcassets */; };
		8997EB3C28AB58A200CC4B88 /* GoogleService-Info.plist in Resources */ = {isa = PBXBuildFile; fileRef = 8997EB3B28AB58A100CC4B88 /* GoogleService-Info.plist */; };
/* End PBXBuildFile section */

/* Begin PBXFileReference section */
		8902D35128AAA70D00320FC8 /* LoginView.swift */ = {isa = PBXFileReference; lastKnownFileType = sourcecode.swift; path = LoginView.swift; sourceTree = "<group>"; };
		892ADA3228AB8FAD008B2468 /* ImagePicker.swift */ = {isa = PBXFileReference; lastKnownFileType = sourcecode.swift; path = ImagePicker.swift; sourceTree = "<group>"; };
		8946E78328AAA0A500781735 /* SwiftUI-Firebase-Chat.app */ = {isa = PBXFileReference; explicitFileType = wrapper.application; includeInIndex = 0; path = "SwiftUI-Firebase-Chat.app"; sourceTree = BUILT_PRODUCTS_DIR; };
		8946E78628AAA0A500781735 /* SwiftUI_Firebase_ChatApp.swift */ = {isa = PBXFileReference; lastKnownFileType = sourcecode.swift; path = SwiftUI_Firebase_ChatApp.swift; sourceTree = "<group>"; };
		8946E78828AAA0A500781735 /* ContentView.swift */ = {isa = PBXFileReference; lastKnownFileType = sourcecode.swift; path = ContentView.swift; sourceTree = "<group>"; };
		8946E78A28AAA0A700781735 /* Assets.xcassets */ = {isa = PBXFileReference; lastKnownFileType = folder.assetcatalog; path = Assets.xcassets; sourceTree = "<group>"; };
		8946E78D28AAA0A700781735 /* Preview Assets.xcassets */ = {isa = PBXFileReference; lastKnownFileType = folder.assetcatalog; path = "Preview Assets.xcassets"; sourceTree = "<group>"; };
		8997EB3B28AB58A100CC4B88 /* GoogleService-Info.plist */ = {isa = PBXFileReference; fileEncoding = 4; lastKnownFileType = text.plist.xml; path = "GoogleService-Info.plist"; sourceTree = "<group>"; };
/* End PBXFileReference section */

/* Begin PBXFrameworksBuildPhase section */
		8946E78028AAA0A500781735 /* Frameworks */ = {
			isa = PBXFrameworksBuildPhase;
			buildActionMask = 2147483647;
			files = (
				892ADA3828AE5BCF008B2468 /* FirebaseDatabase in Frameworks */,
				892ADA3628AE5BCF008B2468 /* FirebaseAuth in Frameworks */,
				892ADA3A28AE5BCF008B2468 /* FirebaseFirestore in Frameworks */,
				892ADA3E28AE5BCF008B2468 /* FirebaseStorage in Frameworks */,
				892ADA3C28AE5BCF008B2468 /* FirebaseFirestoreSwift in Frameworks */,
			);
			runOnlyForDeploymentPostprocessing = 0;
		};
/* End PBXFrameworksBuildPhase section */

/* Begin PBXGroup section */
		8946E77A28AAA0A500781735 = {
			isa = PBXGroup;
			children = (
				8946E78528AAA0A500781735 /* SwiftUI-Firebase-Chat */,
				8946E78428AAA0A500781735 /* Products */,
			);
			sourceTree = "<group>";
		};
		8946E78428AAA0A500781735 /* Products */ = {
			isa = PBXGroup;
			children = (
				8946E78328AAA0A500781735 /* SwiftUI-Firebase-Chat.app */,
			);
			name = Products;
			sourceTree = "<group>";
		};
		8946E78528AAA0A500781735 /* SwiftUI-Firebase-Chat */ = {
			isa = PBXGroup;
			children = (
				8946E78628AAA0A500781735 /* SwiftUI_Firebase_ChatApp.swift */,
				8946E78828AAA0A500781735 /* ContentView.swift */,
				8902D35128AAA70D00320FC8 /* LoginView.swift */,
				892ADA3228AB8FAD008B2468 /* ImagePicker.swift */,
				8997EB3B28AB58A100CC4B88 /* GoogleService-Info.plist */,
				8946E78A28AAA0A700781735 /* Assets.xcassets */,
				8946E78C28AAA0A700781735 /* Preview Content */,
			);
			path = "SwiftUI-Firebase-Chat";
			sourceTree = "<group>";
		};
		8946E78C28AAA0A700781735 /* Preview Content */ = {
			isa = PBXGroup;
			children = (
				8946E78D28AAA0A700781735 /* Preview Assets.xcassets */,
			);
			path = "Preview Content";
			sourceTree = "<group>";
		};
/* End PBXGroup section */

/* Begin PBXNativeTarget section */
		8946E78228AAA0A500781735 /* SwiftUI-Firebase-Chat */ = {
			isa = PBXNativeTarget;
			buildConfigurationList = 8946E79128AAA0A700781735 /* Build configuration list for PBXNativeTarget "SwiftUI-Firebase-Chat" */;
			buildPhases = (
				8946E77F28AAA0A500781735 /* Sources */,
				8946E78028AAA0A500781735 /* Frameworks */,
				8946E78128AAA0A500781735 /* Resources */,
			);
			buildRules = (
			);
			dependencies = (
			);
			name = "SwiftUI-Firebase-Chat";
			packageProductDependencies = (
				892ADA3528AE5BCF008B2468 /* FirebaseAuth */,
				892ADA3728AE5BCF008B2468 /* FirebaseDatabase */,
				892ADA3928AE5BCF008B2468 /* FirebaseFirestore */,
				892ADA3B28AE5BCF008B2468 /* FirebaseFirestoreSwift */,
				892ADA3D28AE5BCF008B2468 /* FirebaseStorage */,
			);
			productName = "SwiftUI-Firebase-Chat";
			productReference = 8946E78328AAA0A500781735 /* SwiftUI-Firebase-Chat.app */;
			productType = "com.apple.product-type.application";
		};
/* End PBXNativeTarget section */

/* Begin PBXProject section */
		8946E77B28AAA0A500781735 /* Project object */ = {
			isa = PBXProject;
			attributes = {
				BuildIndependentTargetsInParallel = 1;
				LastSwiftUpdateCheck = 1400;
				LastUpgradeCheck = 1400;
				TargetAttributes = {
					8946E78228AAA0A500781735 = {
						CreatedOnToolsVersion = 14.0;
					};
				};
			};
			buildConfigurationList = 8946E77E28AAA0A500781735 /* Build configuration list for PBXProject "SwiftUI-Firebase-Chat" */;
			compatibilityVersion = "Xcode 14.0";
			developmentRegion = en;
			hasScannedForEncodings = 0;
			knownRegions = (
				en,
				Base,
			);
			mainGroup = 8946E77A28AAA0A500781735;
			packageReferences = (
				892ADA3428AE5BCF008B2468 /* XCRemoteSwiftPackageReference "firebase-ios-sdk" */,
			);
			productRefGroup = 8946E78428AAA0A500781735 /* Products */;
			projectDirPath = "";
			projectRoot = "";
			targets = (
				8946E78228AAA0A500781735 /* SwiftUI-Firebase-Chat */,
			);
		};
/* End PBXProject section */

/* Begin PBXResourcesBuildPhase section */
		8946E78128AAA0A500781735 /* Resources */ = {
			isa = PBXResourcesBuildPhase;
			buildActionMask = 2147483647;
			files = (
				8946E78E28AAA0A700781735 /* Preview Assets.xcassets in Resources */,
				8997EB3C28AB58A200CC4B88 /* GoogleService-Info.plist in Resources */,
				8946E78B28AAA0A700781735 /* Assets.xcassets in Resources */,
			);
			runOnlyForDeploymentPostprocessing = 0;
		};
/* End PBXResourcesBuildPhase section */

/* Begin PBXSourcesBuildPhase section */
		8946E77F28AAA0A500781735 /* Sources */ = {
			isa = PBXSourcesBuildPhase;
			buildActionMask = 2147483647;
			files = (
				8902D35228AAA70D00320FC8 /* LoginView.swift in Sources */,
				892ADA3328AB8FAD008B2468 /* ImagePicker.swift in Sources */,
				8946E78928AAA0A500781735 /* ContentView.swift in Sources */,
				8946E78728AAA0A500781735 /* SwiftUI_Firebase_ChatApp.swift in Sources */,
			);
			runOnlyForDeploymentPostprocessing = 0;
		};
/* End PBXSourcesBuildPhase section */

/* Begin XCBuildConfiguration section */
		8946E78F28AAA0A700781735 /* Debug */ = {
			isa = XCBuildConfiguration;
			buildSettings = {
				ALWAYS_SEARCH_USER_PATHS = NO;
				CLANG_ANALYZER_NONNULL = YES;
				CLANG_ANALYZER_NUMBER_OBJECT_CONVERSION = YES_AGGRESSIVE;
				CLANG_CXX_LANGUAGE_STANDARD = "gnu++20";
				CLANG_ENABLE_MODULES = YES;
				CLANG_ENABLE_OBJC_ARC = YES;
				CLANG_ENABLE_OBJC_WEAK = YES;
				CLANG_WARN_BLOCK_CAPTURE_AUTORELEASING = YES;
				CLANG_WARN_BOOL_CONVERSION = YES;
				CLANG_WARN_COMMA = YES;
				CLANG_WARN_CONSTANT_CONVERSION = YES;
				CLANG_WARN_DEPRECATED_OBJC_IMPLEMENTATIONS = YES;
				CLANG_WARN_DIRECT_OBJC_ISA_USAGE = YES_ERROR;
				CLANG_WARN_DOCUMENTATION_COMMENTS = YES;
				CLANG_WARN_EMPTY_BODY = YES;
				CLANG_WARN_ENUM_CONVERSION = YES;
				CLANG_WARN_INFINITE_RECURSION = YES;
				CLANG_WARN_INT_CONVERSION = YES;
				CLANG_WARN_NON_LITERAL_NULL_CONVERSION = YES;
				CLANG_WARN_OBJC_IMPLICIT_RETAIN_SELF = YES;
				CLANG_WARN_OBJC_LITERAL_CONVERSION = YES;
				CLANG_WARN_OBJC_ROOT_CLASS = YES_ERROR;
				CLANG_WARN_QUOTED_INCLUDE_IN_FRAMEWORK_HEADER = YES;
				CLANG_WARN_RANGE_LOOP_ANALYSIS = YES;
				CLANG_WARN_STRICT_PROTOTYPES = YES;
				CLANG_WARN_SUSPICIOUS_MOVE = YES;
				CLANG_WARN_UNGUARDED_AVAILABILITY = YES_AGGRESSIVE;
				CLANG_WARN_UNREACHABLE_CODE = YES;
				CLANG_WARN__DUPLICATE_METHOD_MATCH = YES;
				COPY_PHASE_STRIP = NO;
				DEBUG_INFORMATION_FORMAT = dwarf;
				ENABLE_STRICT_OBJC_MSGSEND = YES;
				ENABLE_TESTABILITY = YES;
				GCC_C_LANGUAGE_STANDARD = gnu11;
				GCC_DYNAMIC_NO_PIC = NO;
				GCC_NO_COMMON_BLOCKS = YES;
				GCC_OPTIMIZATION_LEVEL = 0;
				GCC_PREPROCESSOR_DEFINITIONS = (
					"DEBUG=1",
					"$(inherited)",
				);
				GCC_WARN_64_TO_32_BIT_CONVERSION = YES;
				GCC_WARN_ABOUT_RETURN_TYPE = YES_ERROR;
				GCC_WARN_UNDECLARED_SELECTOR = YES;
				GCC_WARN_UNINITIALIZED_AUTOS = YES_AGGRESSIVE;
				GCC_WARN_UNUSED_FUNCTION = YES;
				GCC_WARN_UNUSED_VARIABLE = YES;
				IPHONEOS_DEPLOYMENT_TARGET = 16.0;
				MTL_ENABLE_DEBUG_INFO = INCLUDE_SOURCE;
				MTL_FAST_MATH = YES;
				ONLY_ACTIVE_ARCH = YES;
				SDKROOT = iphoneos;
				SWIFT_ACTIVE_COMPILATION_CONDITIONS = DEBUG;
				SWIFT_OPTIMIZATION_LEVEL = "-Onone";
			};
			name = Debug;
		};
		8946E79028AAA0A700781735 /* Release */ = {
			isa = XCBuildConfiguration;
			buildSettings = {
				ALWAYS_SEARCH_USER_PATHS = NO;
				CLANG_ANALYZER_NONNULL = YES;
				CLANG_ANALYZER_NUMBER_OBJECT_CONVERSION = YES_AGGRESSIVE;
				CLANG_CXX_LANGUAGE_STANDARD = "gnu++20";
				CLANG_ENABLE_MODULES = YES;
				CLANG_ENABLE_OBJC_ARC = YES;
				CLANG_ENABLE_OBJC_WEAK = YES;
				CLANG_WARN_BLOCK_CAPTURE_AUTORELEASING = YES;
				CLANG_WARN_BOOL_CONVERSION = YES;
				CLANG_WARN_COMMA = YES;
				CLANG_WARN_CONSTANT_CONVERSION = YES;
				CLANG_WARN_DEPRECATED_OBJC_IMPLEMENTATIONS = YES;
				CLANG_WARN_DIRECT_OBJC_ISA_USAGE = YES_ERROR;
				CLANG_WARN_DOCUMENTATION_COMMENTS = YES;
				CLANG_WARN_EMPTY_BODY = YES;
				CLANG_WARN_ENUM_CONVERSION = YES;
				CLANG_WARN_INFINITE_RECURSION = YES;
				CLANG_WARN_INT_CONVERSION = YES;
				CLANG_WARN_NON_LITERAL_NULL_CONVERSION = YES;
				CLANG_WARN_OBJC_IMPLICIT_RETAIN_SELF = YES;
				CLANG_WARN_OBJC_LITERAL_CONVERSION = YES;
				CLANG_WARN_OBJC_ROOT_CLASS = YES_ERROR;
				CLANG_WARN_QUOTED_INCLUDE_IN_FRAMEWORK_HEADER = YES;
				CLANG_WARN_RANGE_LOOP_ANALYSIS = YES;
				CLANG_WARN_STRICT_PROTOTYPES = YES;
				CLANG_WARN_SUSPICIOUS_MOVE = YES;
				CLANG_WARN_UNGUARDED_AVAILABILITY = YES_AGGRESSIVE;
				CLANG_WARN_UNREACHABLE_CODE = YES;
				CLANG_WARN__DUPLICATE_METHOD_MATCH = YES;
				COPY_PHASE_STRIP = NO;
				DEBUG_INFORMATION_FORMAT = "dwarf-with-dsym";
				ENABLE_NS_ASSERTIONS = NO;
				ENABLE_STRICT_OBJC_MSGSEND = YES;
				GCC_C_LANGUAGE_STANDARD = gnu11;
				GCC_NO_COMMON_BLOCKS = YES;
				GCC_WARN_64_TO_32_BIT_CONVERSION = YES;
				GCC_WARN_ABOUT_RETURN_TYPE = YES_ERROR;
				GCC_WARN_UNDECLARED_SELECTOR = YES;
				GCC_WARN_UNINITIALIZED_AUTOS = YES_AGGRESSIVE;
				GCC_WARN_UNUSED_FUNCTION = YES;
				GCC_WARN_UNUSED_VARIABLE = YES;
				IPHONEOS_DEPLOYMENT_TARGET = 16.0;
				MTL_ENABLE_DEBUG_INFO = NO;
				MTL_FAST_MATH = YES;
				SDKROOT = iphoneos;
				SWIFT_COMPILATION_MODE = wholemodule;
				SWIFT_OPTIMIZATION_LEVEL = "-O";
				VALIDATE_PRODUCT = YES;
			};
			name = Release;
		};
		8946E79228AAA0A700781735 /* Debug */ = {
			isa = XCBuildConfiguration;
			buildSettings = {
				ASSETCATALOG_COMPILER_APPICON_NAME = AppIcon;
				ASSETCATALOG_COMPILER_GLOBAL_ACCENT_COLOR_NAME = AccentColor;
				CODE_SIGN_STYLE = Automatic;
				CURRENT_PROJECT_VERSION = 1;
				DEVELOPMENT_ASSET_PATHS = "\"SwiftUI-Firebase-Chat/Preview Content\"";
				DEVELOPMENT_TEAM = L4M75K683P;
				ENABLE_PREVIEWS = YES;
				GENERATE_INFOPLIST_FILE = YES;
				INFOPLIST_KEY_UIApplicationSceneManifest_Generation = YES;
				INFOPLIST_KEY_UIApplicationSupportsIndirectInputEvents = YES;
				INFOPLIST_KEY_UILaunchScreen_Generation = YES;
				INFOPLIST_KEY_UISupportedInterfaceOrientations_iPad = "UIInterfaceOrientationPortrait UIInterfaceOrientationPortraitUpsideDown UIInterfaceOrientationLandscapeLeft UIInterfaceOrientationLandscapeRight";
				INFOPLIST_KEY_UISupportedInterfaceOrientations_iPhone = "UIInterfaceOrientationPortrait UIInterfaceOrientationLandscapeLeft UIInterfaceOrientationLandscapeRight";
				LD_RUNPATH_SEARCH_PATHS = (
					"$(inherited)",
					"@executable_path/Frameworks",
				);
				MARKETING_VERSION = 1.0;
				PRODUCT_BUNDLE_IDENTIFIER = "com.apekshik.SwiftUI-Firebase-Chat";
				PRODUCT_NAME = "$(TARGET_NAME)";
				SWIFT_EMIT_LOC_STRINGS = YES;
				SWIFT_VERSION = 5.0;
				TARGETED_DEVICE_FAMILY = "1,2";
			};
			name = Debug;
		};
		8946E79328AAA0A700781735 /* Release */ = {
			isa = XCBuildConfiguration;
			buildSettings = {
				ASSETCATALOG_COMPILER_APPICON_NAME = AppIcon;
				ASSETCATALOG_COMPILER_GLOBAL_ACCENT_COLOR_NAME = AccentColor;
				CODE_SIGN_STYLE = Automatic;
				CURRENT_PROJECT_VERSION = 1;
				DEVELOPMENT_ASSET_PATHS = "\"SwiftUI-Firebase-Chat/Preview Content\"";
				DEVELOPMENT_TEAM = L4M75K683P;
				ENABLE_PREVIEWS = YES;
				GENERATE_INFOPLIST_FILE = YES;
				INFOPLIST_KEY_UIApplicationSceneManifest_Generation = YES;
				INFOPLIST_KEY_UIApplicationSupportsIndirectInputEvents = YES;
				INFOPLIST_KEY_UILaunchScreen_Generation = YES;
				INFOPLIST_KEY_UISupportedInterfaceOrientations_iPad = "UIInterfaceOrientationPortrait UIInterfaceOrientationPortraitUpsideDown UIInterfaceOrientationLandscapeLeft UIInterfaceOrientationLandscapeRight";
				INFOPLIST_KEY_UISupportedInterfaceOrientations_iPhone = "UIInterfaceOrientationPortrait UIInterfaceOrientationLandscapeLeft UIInterfaceOrientationLandscapeRight";
				LD_RUNPATH_SEARCH_PATHS = (
					"$(inherited)",
					"@executable_path/Frameworks",
				);
				MARKETING_VERSION = 1.0;
				PRODUCT_BUNDLE_IDENTIFIER = "com.apekshik.SwiftUI-Firebase-Chat";
				PRODUCT_NAME = "$(TARGET_NAME)";
				SWIFT_EMIT_LOC_STRINGS = YES;
				SWIFT_VERSION = 5.0;
				TARGETED_DEVICE_FAMILY = "1,2";
			};
			name = Release;
		};
/* End XCBuildConfiguration section */

/* Begin XCConfigurationList section */
		8946E77E28AAA0A500781735 /* Build configuration list for PBXProject "SwiftUI-Firebase-Chat" */ = {
			isa = XCConfigurationList;
			buildConfigurations = (
				8946E78F28AAA0A700781735 /* Debug */,
				8946E79028AAA0A700781735 /* Release */,
			);
			defaultConfigurationIsVisible = 0;
			defaultConfigurationName = Release;
		};
		8946E79128AAA0A700781735 /* Build configuration list for PBXNativeTarget "SwiftUI-Firebase-Chat" */ = {
			isa = XCConfigurationList;
			buildConfigurations = (
				8946E79228AAA0A700781735 /* Debug */,
				8946E79328AAA0A700781735 /* Release */,
			);
			defaultConfigurationIsVisible = 0;
			defaultConfigurationName = Release;
		};
/* End XCConfigurationList section */

/* Begin XCRemoteSwiftPackageReference section */
		892ADA3428AE5BCF008B2468 /* XCRemoteSwiftPackageReference "firebase-ios-sdk" */ = {
			isa = XCRemoteSwiftPackageReference;
			repositoryURL = "https://github.com/firebase/firebase-ios-sdk";
			requirement = {
				branch = master;
				kind = branch;
			};
		};
/* End XCRemoteSwiftPackageReference section */

/* Begin XCSwiftPackageProductDependency section */
		892ADA3528AE5BCF008B2468 /* FirebaseAuth */ = {
			isa = XCSwiftPackageProductDependency;
			package = 892ADA3428AE5BCF008B2468 /* XCRemoteSwiftPackageReference "firebase-ios-sdk" */;
			productName = FirebaseAuth;
		};
		892ADA3728AE5BCF008B2468 /* FirebaseDatabase */ = {
			isa = XCSwiftPackageProductDependency;
			package = 892ADA3428AE5BCF008B2468 /* XCRemoteSwiftPackageReference "firebase-ios-sdk" */;
			productName = FirebaseDatabase;
		};
		892ADA3928AE5BCF008B2468 /* FirebaseFirestore */ = {
			isa = XCSwiftPackageProductDependency;
			package = 892ADA3428AE5BCF008B2468 /* XCRemoteSwiftPackageReference "firebase-ios-sdk" */;
			productName = FirebaseFirestore;
		};
		892ADA3B28AE5BCF008B2468 /* FirebaseFirestoreSwift */ = {
			isa = XCSwiftPackageProductDependency;
			package = 892ADA3428AE5BCF008B2468 /* XCRemoteSwiftPackageReference "firebase-ios-sdk" */;
			productName = FirebaseFirestoreSwift;
		};
		892ADA3D28AE5BCF008B2468 /* FirebaseStorage */ = {
			isa = XCSwiftPackageProductDependency;
			package = 892ADA3428AE5BCF008B2468 /* XCRemoteSwiftPackageReference "firebase-ios-sdk" */;
			productName = FirebaseStorage;
		};
/* End XCSwiftPackageProductDependency section */
	};
	rootObject = 8946E77B28AAA0A500781735 /* Project object */;
}
